
Microsoft Visual Studio Solution File, Format Version 12.00
# Visual Studio Version 17
VisualStudioVersion = 17.4.33103.184
MinimumVisualStudioVersion = 10.0.40219.1
Project("{2150E333-8FDC-42A3-9474-1A3956D46DE8}") = "Solution Items", "Solution Items", "{9D28909F-BB69-4DE0-8029-E01925A3B96D}"
	ProjectSection(SolutionItems) = preProject
		.gitignore = .gitignore
	EndProjectSection
EndProject
Project("{2150E333-8FDC-42A3-9474-1A3956D46DE8}") = "3 Sqs", "3 Sqs", "{9625024C-7899-4DCC-8BE8-14B1454A8B62}"
EndProject
Project("{9A19103F-16F7-4668-BE54-9A1E7A4F7556}") = "SqsPublisher", "SqsPublisher\SqsPublisher.csproj", "{BE357202-C97C-4C70-BB4D-1D372F2698ED}"
EndProject
Project("{9A19103F-16F7-4668-BE54-9A1E7A4F7556}") = "SqsConsumer", "SqsConsumer\SqsConsumer.csproj", "{DF261080-12F0-4892-8A6A-30CF581978B5}"
EndProject
Project("{9A19103F-16F7-4668-BE54-9A1E7A4F7556}") = "Customers.Api", "Customers.Api\Customers.Api.csproj", "{448FC797-A87D-4978-90EB-C0C8AF645980}"
EndProject
Project("{9A19103F-16F7-4668-BE54-9A1E7A4F7556}") = "Customers.Consumer", "Customers.Consumer\Customers.Consumer.csproj", "{D6D11C01-C238-4B48-9D52-C2A3F8ACA05A}"
EndProject
Project("{2150E333-8FDC-42A3-9474-1A3956D46DE8}") = "4 Sns", "4 Sns", "{6EE0CD24-3CB7-437B-8524-D811F2300FF8}"
EndProject
Global
	GlobalSection(SolutionConfigurationPlatforms) = preSolution
		Debug|Any CPU = Debug|Any CPU
		Release|Any CPU = Release|Any CPU
	EndGlobalSection
	GlobalSection(ProjectConfigurationPlatforms) = postSolution
		{BE357202-C97C-4C70-BB4D-1D372F2698ED}.Debug|Any CPU.ActiveCfg = Debug|Any CPU
		{BE357202-C97C-4C70-BB4D-1D372F2698ED}.Debug|Any CPU.Build.0 = Debug|Any CPU
		{BE357202-C97C-4C70-BB4D-1D372F2698ED}.Release|Any CPU.ActiveCfg = Release|Any CPU
		{BE357202-C97C-4C70-BB4D-1D372F2698ED}.Release|Any CPU.Build.0 = Release|Any CPU
		{DF261080-12F0-4892-8A6A-30CF581978B5}.Debug|Any CPU.ActiveCfg = Debug|Any CPU
		{DF261080-12F0-4892-8A6A-30CF581978B5}.Debug|Any CPU.Build.0 = Debug|Any CPU
		{DF261080-12F0-4892-8A6A-30CF581978B5}.Release|Any CPU.ActiveCfg = Release|Any CPU
		{DF261080-12F0-4892-8A6A-30CF581978B5}.Release|Any CPU.Build.0 = Release|Any CPU
		{448FC797-A87D-4978-90EB-C0C8AF645980}.Debug|Any CPU.ActiveCfg = Debug|Any CPU
		{448FC797-A87D-4978-90EB-C0C8AF645980}.Debug|Any CPU.Build.0 = Debug|Any CPU
		{448FC797-A87D-4978-90EB-C0C8AF645980}.Release|Any CPU.ActiveCfg = Release|Any CPU
		{448FC797-A87D-4978-90EB-C0C8AF645980}.Release|Any CPU.Build.0 = Release|Any CPU
		{D6D11C01-C238-4B48-9D52-C2A3F8ACA05A}.Debug|Any CPU.ActiveCfg = Debug|Any CPU
		{D6D11C01-C238-4B48-9D52-C2A3F8ACA05A}.Debug|Any CPU.Build.0 = Debug|Any CPU
		{D6D11C01-C238-4B48-9D52-C2A3F8ACA05A}.Release|Any CPU.ActiveCfg = Release|Any CPU
		{D6D11C01-C238-4B48-9D52-C2A3F8ACA05A}.Release|Any CPU.Build.0 = Release|Any CPU
	EndGlobalSection
	GlobalSection(SolutionProperties) = preSolution
		HideSolutionNode = FALSE
	EndGlobalSection
	GlobalSection(NestedProjects) = preSolution
		{9625024C-7899-4DCC-8BE8-14B1454A8B62} = {9D28909F-BB69-4DE0-8029-E01925A3B96D}
		{BE357202-C97C-4C70-BB4D-1D372F2698ED} = {9625024C-7899-4DCC-8BE8-14B1454A8B62}
		{DF261080-12F0-4892-8A6A-30CF581978B5} = {9625024C-7899-4DCC-8BE8-14B1454A8B62}
		{448FC797-A87D-4978-90EB-C0C8AF645980} = {9625024C-7899-4DCC-8BE8-14B1454A8B62}
		{D6D11C01-C238-4B48-9D52-C2A3F8ACA05A} = {9625024C-7899-4DCC-8BE8-14B1454A8B62}
		{6EE0CD24-3CB7-437B-8524-D811F2300FF8} = {9D28909F-BB69-4DE0-8029-E01925A3B96D}
	EndGlobalSection
	GlobalSection(ExtensibilityGlobals) = postSolution
		SolutionGuid = {C9254225-84CC-4DA2-98FF-18CF410B7F13}
	EndGlobalSection
EndGlobal
